
Microsoft Visual Studio Solution File, Format Version 12.00
# Visual Studio Version 17
VisualStudioVersion = 17.6.33723.286
MinimumVisualStudioVersion = 10.0.40219.1
Project("{FAE04EC0-301F-11D3-BF4B-00C04F79EFBC}") = "WebASP_CoreMVC", "WebASP_CoreMVC.csproj", "{3594CC6D-BCCD-4DCD-BD98-6160AD9CBFFF}"
EndProject
Global
	GlobalSection(SolutionConfigurationPlatforms) = preSolution
		Debug|Any CPU = Debug|Any CPU
		Release|Any CPU = Release|Any CPU
	EndGlobalSection
	GlobalSection(ProjectConfigurationPlatforms) = postSolution
		{3594CC6D-BCCD-4DCD-BD98-6160AD9CBFFF}.Debug|Any CPU.ActiveCfg = Debug|Any CPU
		{3594CC6D-BCCD-4DCD-BD98-6160AD9CBFFF}.Debug|Any CPU.Build.0 = Debug|Any CPU
		{3594CC6D-BCCD-4DCD-BD98-6160AD9CBFFF}.Release|Any CPU.ActiveCfg = Release|Any CPU
		{3594CC6D-BCCD-4DCD-BD98-6160AD9CBFFF}.Release|Any CPU.Build.0 = Release|Any CPU
	EndGlobalSection
	GlobalSection(SolutionProperties) = preSolution
		HideSolutionNode = FALSE
	EndGlobalSection
	GlobalSection(ExtensibilityGlobals) = postSolution
		SolutionGuid = {A2867B4E-B700-4424-B12A-3336A18CEFE5}
	EndGlobalSection
EndGlobal
